
Microsoft Visual Studio Solution File, Format Version 12.00
# Visual Studio 2013
VisualStudioVersion = 12.0.40629.0
MinimumVisualStudioVersion = 10.0.40219.1
Project("{2150E333-8FDC-42A3-9474-1A3956D46DE8}") = "src", "src", "{788EFFBB-CAB7-42E4-A5F3-76D190453A1C}"
EndProject
Project("{2150E333-8FDC-42A3-9474-1A3956D46DE8}") = ".nuget", ".nuget", "{9587A2BF-80F8-42E5-B151-907A1EDEB83B}"
	ProjectSection(SolutionItems) = preProject
		.nuget\packages.config = .nuget\packages.config
	EndProjectSection
EndProject
Project("{FAE04EC0-301F-11D3-BF4B-00C04F79EFBC}") = "kuujinbo.Mvc.NET", "src\kuujinbo.Mvc.NET\kuujinbo.Mvc.NET.csproj", "{343C15B2-7C86-4CA1-833C-6874902A325A}"
EndProject
Project("{FAE04EC0-301F-11D3-BF4B-00C04F79EFBC}") = "kuujinbo.Mvc.NET.Tests", "src\kuujinbo.Mvc.NET.Tests\kuujinbo.Mvc.NET.Tests.csproj", "{2EAA0833-3EC1-43B4-9648-08A32FE09D2D}"
EndProject
Project("{FAE04EC0-301F-11D3-BF4B-00C04F79EFBC}") = "kuujinbo.Mvc.NET.Examples", "src\kuujinbo.Mvc.NET.Examples\kuujinbo.Mvc.NET.Examples.csproj", "{B3909476-321C-47C5-BE43-B621958E0432}"
EndProject
Global
	GlobalSection(SolutionConfigurationPlatforms) = preSolution
		Debug|Any CPU = Debug|Any CPU
		Release|Any CPU = Release|Any CPU
	EndGlobalSection
	GlobalSection(ProjectConfigurationPlatforms) = postSolution
		{343C15B2-7C86-4CA1-833C-6874902A325A}.Debug|Any CPU.ActiveCfg = Debug|Any CPU
		{343C15B2-7C86-4CA1-833C-6874902A325A}.Debug|Any CPU.Build.0 = Debug|Any CPU
		{343C15B2-7C86-4CA1-833C-6874902A325A}.Release|Any CPU.ActiveCfg = Release|Any CPU
		{343C15B2-7C86-4CA1-833C-6874902A325A}.Release|Any CPU.Build.0 = Release|Any CPU
		{2EAA0833-3EC1-43B4-9648-08A32FE09D2D}.Debug|Any CPU.ActiveCfg = Debug|Any CPU
		{2EAA0833-3EC1-43B4-9648-08A32FE09D2D}.Debug|Any CPU.Build.0 = Debug|Any CPU
		{2EAA0833-3EC1-43B4-9648-08A32FE09D2D}.Release|Any CPU.ActiveCfg = Release|Any CPU
		{2EAA0833-3EC1-43B4-9648-08A32FE09D2D}.Release|Any CPU.Build.0 = Release|Any CPU
		{B3909476-321C-47C5-BE43-B621958E0432}.Debug|Any CPU.ActiveCfg = Debug|Any CPU
		{B3909476-321C-47C5-BE43-B621958E0432}.Debug|Any CPU.Build.0 = Debug|Any CPU
		{B3909476-321C-47C5-BE43-B621958E0432}.Release|Any CPU.ActiveCfg = Release|Any CPU
		{B3909476-321C-47C5-BE43-B621958E0432}.Release|Any CPU.Build.0 = Release|Any CPU
	EndGlobalSection
	GlobalSection(SolutionProperties) = preSolution
		HideSolutionNode = FALSE
	EndGlobalSection
	GlobalSection(NestedProjects) = preSolution
		{343C15B2-7C86-4CA1-833C-6874902A325A} = {788EFFBB-CAB7-42E4-A5F3-76D190453A1C}
		{2EAA0833-3EC1-43B4-9648-08A32FE09D2D} = {788EFFBB-CAB7-42E4-A5F3-76D190453A1C}
		{B3909476-321C-47C5-BE43-B621958E0432} = {788EFFBB-CAB7-42E4-A5F3-76D190453A1C}
	EndGlobalSection
EndGlobal
